codeberg.org/scip/swayipc/v2 v2.0.0-test1 h1:F4tOtE0gvxoh4mWQbV2+rG55cVJsCtkD5YME/6qxjqw=
codeberg.org/scip/swayipc/v2 v2.0.0-test1/go.mod h1:F+rmNQ+NjLDr8fU7HW/jSjiUIXeYfQ1cSyBiGByhoWI=
github.com/alecthomas/repr v0.5.2 h1:SU73FTI9D1P5UNtvseffFSGmdNci/O6RsqzeXJtP0Qs=
github.com/alecthomas/repr v0.5.2/go.mod h1:Fr0507jx4eOXV7AlPV6AVZLYrLIuIeSOWtW57eE/O/4=
